<?xml version="1.0" encoding="utf-8"?>
<Project ToolsVersion="4.0" xmlns="http://schemas.microsoft.com/developer/msbuild/2003">
  <ItemGroup>
    <Filter Include="game_objets">
      <UniqueIdentifier>{3e6ec1a1-212b-402a-b329-c85f0853ce5b}</UniqueIdentifier>
    </Filter>
    <Filter Include="game_structure">
      <UniqueIdentifier>{f4409c4d-db59-419e-a85d-ff37d9afac63}</UniqueIdentifier>
    </Filter>
  </ItemGroup>
  <ItemGroup>
    <ClCompile Include="..\src\main.cpp" />
    <ClCompile Include="..\src\game_structure\game_screen.cpp">
      <Filter>game_structure</Filter>
    </ClCompile>
    <ClCompile Include="..\src\game_structure\menu.cpp">
      <Filter>game_structure</Filter>
    </ClCompile>
    <ClCompile Include="..\src\game_structure\initialice.cpp">
      <Filter>game_structure</Filter>
    </ClCompile>
    <ClCompile Include="..\src\game_objets\enemies.cpp">
      <Filter>game_objets</Filter>
    </ClCompile>
    <ClCompile Include="..\src\game_objets\player.cpp">
      <Filter>game_objets</Filter>
    </ClCompile>
    <ClCompile Include="..\src\game_structure\flow_of_game.cpp">
      <Filter>game_structure</Filter>
    </ClCompile>
    <ClCompile Include="..\src\game_structure\credits.cpp">
      <Filter>game_structure</Filter>
    </ClCompile>
  </ItemGroup>
  <ItemGroup>
    <ClInclude Include="..\src\game_structure\game_screen.h">
      <Filter>game_structure</Filter>
    </ClInclude>
    <ClInclude Include="..\src\game_structure\menu.h">
      <Filter>game_structure</Filter>
    </ClInclude>
    <ClInclude Include="..\src\game_structure\initialice.h">
      <Filter>game_structure</Filter>
    </ClInclude>
    <ClInclude Include="..\src\game_objets\enemies.h">
      <Filter>game_objets</Filter>
    </ClInclude>
    <ClInclude Include="..\src\game_objets\player.h">
      <Filter>game_objets</Filter>
    </ClInclude>
    <ClInclude Include="..\src\game_structure\flow_of_game.h">
      <Filter>game_structure</Filter>
    </ClInclude>
    <ClInclude Include="..\src\game_structure\credits.h">
      <Filter>game_structure</Filter>
    </ClInclude>
  </ItemGroup>
</Project>